
Microsoft Visual Studio Solution File, Format Version 12.00
# Visual Studio Version 17
VisualStudioVersion = 17.11.35312.102
MinimumVisualStudioVersion = 10.0.40219.1
Project("{9A19103F-16F7-4668-BE54-9A1E7A4F7556}") = "001_HalloWorld", "001_HalloWorld\001_HalloWorld.csproj", "{971FC89E-08B7-41C1-A612-CEB52535CAE0}"
EndProject
Project("{9A19103F-16F7-4668-BE54-9A1E7A4F7556}") = "002_annotation", "002_annotation\002_annotation.csproj", "{0E85B61F-30E5-4DF6-BBCC-2A0AFE605D10}"
EndProject
Project("{FAE04EC0-301F-11D3-BF4B-00C04F79EFBC}") = "003_writeline", "003_writeline\003_writeline.csproj", "{2F74B1B8-5A85-4BBB-9257-8EC0F1076FDB}"
EndProject
Global
	GlobalSection(SolutionConfigurationPlatforms) = preSolution
		Debug|Any CPU = Debug|Any CPU
		Release|Any CPU = Release|Any CPU
	EndGlobalSection
	GlobalSection(ProjectConfigurationPlatforms) = postSolution
		{971FC89E-08B7-41C1-A612-CEB52535CAE0}.Debug|Any CPU.ActiveCfg = Debug|Any CPU
		{971FC89E-08B7-41C1-A612-CEB52535CAE0}.Debug|Any CPU.Build.0 = Debug|Any CPU
		{971FC89E-08B7-41C1-A612-CEB52535CAE0}.Release|Any CPU.ActiveCfg = Release|Any CPU
		{971FC89E-08B7-41C1-A612-CEB52535CAE0}.Release|Any CPU.Build.0 = Release|Any CPU
		{0E85B61F-30E5-4DF6-BBCC-2A0AFE605D10}.Debug|Any CPU.ActiveCfg = Debug|Any CPU
		{0E85B61F-30E5-4DF6-BBCC-2A0AFE605D10}.Debug|Any CPU.Build.0 = Debug|Any CPU
		{0E85B61F-30E5-4DF6-BBCC-2A0AFE605D10}.Release|Any CPU.ActiveCfg = Release|Any CPU
		{0E85B61F-30E5-4DF6-BBCC-2A0AFE605D10}.Release|Any CPU.Build.0 = Release|Any CPU
		{2F74B1B8-5A85-4BBB-9257-8EC0F1076FDB}.Debug|Any CPU.ActiveCfg = Debug|Any CPU
		{2F74B1B8-5A85-4BBB-9257-8EC0F1076FDB}.Debug|Any CPU.Build.0 = Debug|Any CPU
		{2F74B1B8-5A85-4BBB-9257-8EC0F1076FDB}.Release|Any CPU.ActiveCfg = Release|Any CPU
		{2F74B1B8-5A85-4BBB-9257-8EC0F1076FDB}.Release|Any CPU.Build.0 = Release|Any CPU
	EndGlobalSection
	GlobalSection(SolutionProperties) = preSolution
		HideSolutionNode = FALSE
	EndGlobalSection
	GlobalSection(ExtensibilityGlobals) = postSolution
		SolutionGuid = {F9597393-7878-4CC1-BAEB-0E49747570D2}
	EndGlobalSection
EndGlobal
