
Microsoft Visual Studio Solution File, Format Version 12.00
# Visual Studio Version 17
VisualStudioVersion = 17.11.35312.102
MinimumVisualStudioVersion = 10.0.40219.1
Project("{9A19103F-16F7-4668-BE54-9A1E7A4F7556}") = "001_HalloWorld", "001_HalloWorld\001_HalloWorld.csproj", "{971FC89E-08B7-41C1-A612-CEB52535CAE0}"
EndProject
Project("{9A19103F-16F7-4668-BE54-9A1E7A4F7556}") = "002_annotation", "002_annotation\002_annotation.csproj", "{0E85B61F-30E5-4DF6-BBCC-2A0AFE605D10}"
EndProject
Project("{9A19103F-16F7-4668-BE54-9A1E7A4F7556}") = "003_writeline", "003_writeline\003_writeline.csproj", "{2F74B1B8-5A85-4BBB-9257-8EC0F1076FDB}"
EndProject
Project("{9A19103F-16F7-4668-BE54-9A1E7A4F7556}") = "004_variate", "004_variate\004_variate.csproj", "{060296E0-66D8-4FBC-8F1A-2745078A9116}"
EndProject
Project("{9A19103F-16F7-4668-BE54-9A1E7A4F7556}") = "005_const_variate", "005_const_variate\005_const_variate.csproj", "{E0D54E3C-EC74-45EF-A826-2FFF56712838}"
EndProject
Project("{9A19103F-16F7-4668-BE54-9A1E7A4F7556}") = "006_escape_sequence", "006_escape_sequence\006_escape_sequence.csproj", "{DAFCF553-7679-479E-ADCE-8D519499D967}"
EndProject
Project("{9A19103F-16F7-4668-BE54-9A1E7A4F7556}") = "007_implicit_conversion", "007_implicit_conversion\007_implicit_conversion.csproj", "{59E859CE-96F3-43C3-A420-6C79ABBA86FE}"
EndProject
Project("{9A19103F-16F7-4668-BE54-9A1E7A4F7556}") = "008_explicit_conversion", "008_explicit_conversion\008_explicit_conversion.csproj", "{39B1F1E4-C87A-4E44-ADEC-C545101F76FE}"
EndProject
Project("{9A19103F-16F7-4668-BE54-9A1E7A4F7556}") = "009_exception_capture", "009_exception_capture\009_exception_capture.csproj", "{F2A1675E-AF4D-4FEE-A62B-B08EEBF898B5}"
EndProject
Project("{9A19103F-16F7-4668-BE54-9A1E7A4F7556}") = "010_arithmetic_operator", "010_arithmetic_operator\010_arithmetic_operator.csproj", "{170603E6-CC7B-4780-8717-CBC54A669DB6}"
EndProject
Project("{9A19103F-16F7-4668-BE54-9A1E7A4F7556}") = "011_string_splicing", "011_string_splicing\011_string_splicing.csproj", "{9315FEB6-6EB8-4771-872E-1EDBC72F7DB3}"
EndProject
Project("{9A19103F-16F7-4668-BE54-9A1E7A4F7556}") = "012_conditional_operator", "012_conditional_operator\012_conditional_operator.csproj", "{531839DB-504C-4CDD-8296-C4A7F14A05D4}"
EndProject
Project("{9A19103F-16F7-4668-BE54-9A1E7A4F7556}") = "013_logical_operator", "013_logical_operator\013_logical_operator.csproj", "{C52B5436-4C4F-4D80-B728-EF0E48BD891F}"
EndProject
Project("{9A19103F-16F7-4668-BE54-9A1E7A4F7556}") = "014_bit_operator", "014_bit_operator\014_bit_operator.csproj", "{7E8FE25E-982F-4D1F-B922-C6A82B0B8E4B}"
EndProject
Project("{9A19103F-16F7-4668-BE54-9A1E7A4F7556}") = "015_the_triadic_operator", "015_the_triadic_operator\015_the_triadic_operator.csproj", "{3C1B5FF5-08FC-4A2F-81C0-F3DA98132183}"
EndProject
Project("{9A19103F-16F7-4668-BE54-9A1E7A4F7556}") = "016_if", "016_if\016_if.csproj", "{08F47F0B-0180-4168-957A-760CB3EEF72E}"
EndProject
Project("{9A19103F-16F7-4668-BE54-9A1E7A4F7556}") = "017_switch", "017_switch\017_switch.csproj", "{9A1AF12C-C0E7-4F80-A2ED-7801FB51B32B}"
EndProject
Project("{9A19103F-16F7-4668-BE54-9A1E7A4F7556}") = "018_while", "018_while\018_while.csproj", "{A1896E48-DB57-46B1-A7C2-5211091DE12E}"
EndProject
Project("{9A19103F-16F7-4668-BE54-9A1E7A4F7556}") = "019_do_while", "019_do_while\019_do_while.csproj", "{C690EDF7-9CBB-4B1A-ACC1-6E517CC24133}"
EndProject
Project("{9A19103F-16F7-4668-BE54-9A1E7A4F7556}") = "020_for", "020_for\020_for.csproj", "{DE5F54E4-88B4-4AB1-9CBE-9D2CDD261E80}"
EndProject
Project("{9A19103F-16F7-4668-BE54-9A1E7A4F7556}") = "101_enumeration", "101_enumeration\101_enumeration.csproj", "{9D209BFD-31D8-4F40-9C1F-E1C032FB0A48}"
EndProject
Project("{9A19103F-16F7-4668-BE54-9A1E7A4F7556}") = "102_array", "102_array\102_array.csproj", "{38888BEE-65B7-4042-B48C-2FC68B3AE386}"
EndProject
Project("{9A19103F-16F7-4668-BE54-9A1E7A4F7556}") = "103_TwoDimensional_array", "103_TwoDimensional_array\103_TwoDimensional_array.csproj", "{8FA89CE5-6DB7-4664-AEAF-5B08AA679EDA}"
EndProject
Project("{9A19103F-16F7-4668-BE54-9A1E7A4F7556}") = "104_Interleaved_digit", "104_Interleaved_digit\104_Interleaved_digit.csproj", "{3EAE0D47-C6E5-465B-B575-F2E073EA3EFE}"
EndProject
Project("{9A19103F-16F7-4668-BE54-9A1E7A4F7556}") = "105_Value_Reference_type", "105_Value_Reference_type\105_Value_Reference_type.csproj", "{D689412F-DBCD-46AC-9246-071548B1D452}"
EndProject
Project("{9A19103F-16F7-4668-BE54-9A1E7A4F7556}") = "106_Value_Reference_type_special", "106_Value_Reference_type_special\106_Value_Reference_type_special.csproj", "{A8AC3FD7-081E-4754-A4F7-25D230B87B7D}"
EndProject
Project("{9A19103F-16F7-4668-BE54-9A1E7A4F7556}") = "107_function", "107_function\107_function.csproj", "{495984AA-7B4B-431D-A6AF-1C69C865078D}"
EndProject
Project("{9A19103F-16F7-4668-BE54-9A1E7A4F7556}") = "108_function_ref_out", "108_function_ref_out\108_function_ref_out.csproj", "{10D95AC9-B494-4856-B265-86C9FF0FB6F7}"
EndProject
Project("{9A19103F-16F7-4668-BE54-9A1E7A4F7556}") = "109_function_Variable_length_parameter", "109_function_Variable_length_parameter\109_function_Variable_length_parameter.csproj", "{97BC4B2E-E045-4FC4-AC1A-B6C1B2EBF445}"
EndProject
Project("{9A19103F-16F7-4668-BE54-9A1E7A4F7556}") = "110_function_Default_parameter_value", "110_function_Default_parameter_value\110_function_Default_parameter_value.csproj", "{14516A07-827C-41E7-B169-D969E3FF5CE7}"
EndProject
Project("{9A19103F-16F7-4668-BE54-9A1E7A4F7556}") = "111_Overloaded_operator", "111_Overloaded_operator\111_Overloaded_operator.csproj", "{895C536C-9FF9-4F4B-8B88-04C4FA4C81CC}"
EndProject
Project("{9A19103F-16F7-4668-BE54-9A1E7A4F7556}") = "112_recursion", "112_recursion\112_recursion.csproj", "{1E30CB50-D8A5-4881-8ADC-80EFC1F9D84A}"
EndProject
Project("{9A19103F-16F7-4668-BE54-9A1E7A4F7556}") = "113_struct", "113_struct\113_struct.csproj", "{B2539B13-9443-45B0-BCA1-9F2644A31624}"
EndProject
Project("{9A19103F-16F7-4668-BE54-9A1E7A4F7556}") = "114_Bubble_sort", "114_Bubble_sort\114_Bubble_sort.csproj", "{135514CE-7DCC-47DB-80D0-608CD4ACC11A}"
EndProject
Project("{9A19103F-16F7-4668-BE54-9A1E7A4F7556}") = "115_Selection_sort", "115_Selection_sort\115_Selection_sort.csproj", "{319B3A87-6465-45C1-8321-44F0C6A9739E}"
EndProject
Project("{9A19103F-16F7-4668-BE54-9A1E7A4F7556}") = "201_class_start", "201_class_start\201_class_start.csproj", "{021A5ABE-9900-4E44-9E5A-E00324441CDD}"
EndProject
Project("{9A19103F-16F7-4668-BE54-9A1E7A4F7556}") = "202_Access_modifier", "202_Access_modifier\202_Access_modifier.csproj", "{D049B0AA-E036-4016-9181-B62B56D4F674}"
EndProject
Project("{9A19103F-16F7-4668-BE54-9A1E7A4F7556}") = "203_constructor", "203_constructor\203_constructor.csproj", "{E79F4C7C-802C-48EF-AA85-D4F04E540935}"
EndProject
Project("{9A19103F-16F7-4668-BE54-9A1E7A4F7556}") = "204_Member_attribute", "204_Member_attribute\204_Member_attribute.csproj", "{51EAC825-3ACA-468E-BDB0-EB2813F02CFC}"
EndProject
Project("{9A19103F-16F7-4668-BE54-9A1E7A4F7556}") = "205_indexer", "205_indexer\205_indexer.csproj", "{59971393-7362-4FCC-8CEE-E5A360A7791F}"
EndProject
Project("{9A19103F-16F7-4668-BE54-9A1E7A4F7556}") = "206_static_member", "206_static_member\206_static_member.csproj", "{55F3D8DD-4DCB-4D94-8F21-4FC927C4DDE3}"
EndProject
Project("{9A19103F-16F7-4668-BE54-9A1E7A4F7556}") = "207_static_class", "207_static_class\207_static_class.csproj", "{D08C3556-9ECF-452A-9FA6-C3912DFF3449}"
EndProject
Project("{9A19103F-16F7-4668-BE54-9A1E7A4F7556}") = "208_Extension_method", "208_Extension_method\208_Extension_method.csproj", "{EF829FBA-B5B2-4B77-A55F-8B3EE61FCAB3}"
EndProject
Project("{9A19103F-16F7-4668-BE54-9A1E7A4F7556}") = "209_Overloaded_operator", "209_Overloaded_operator\209_Overloaded_operator.csproj", "{B8EEF18A-240D-4822-A142-3F287A4D1DA6}"
EndProject
Project("{9A19103F-16F7-4668-BE54-9A1E7A4F7556}") = "210_Partial_Inner_class", "210_Partial_Inner_class\210_Partial_Inner_class.csproj", "{74915625-A0E6-498E-AB16-70F57BB6F450}"
EndProject
Project("{9A19103F-16F7-4668-BE54-9A1E7A4F7556}") = "211_inherit", "211_inherit\211_inherit.csproj", "{4DECD67C-FA08-4093-8D46-1815F4262C36}"
EndProject
Project("{9A19103F-16F7-4668-BE54-9A1E7A4F7556}") = "212_Inside_substitution_principle", "212_Inside_substitution_principle\212_Inside_substitution_principle.csproj", "{1AD33E9C-9120-4CD4-9007-D0581A8C55A8}"
EndProject
Project("{9A19103F-16F7-4668-BE54-9A1E7A4F7556}") = "213_Inside_constructor", "213_Inside_constructor\213_Inside_constructor.csproj", "{083987B8-C0EF-48B9-A245-766CC4850A1A}"
EndProject
Project("{9A19103F-16F7-4668-BE54-9A1E7A4F7556}") = "214_object", "214_object\214_object.csproj", "{5641F1AC-720D-445E-97F1-5A3920755741}"
EndProject
Project("{9A19103F-16F7-4668-BE54-9A1E7A4F7556}") = "215_sealed", "215_sealed\215_sealed.csproj", "{84C7CC72-5B93-422C-B746-73B811A0763F}"
EndProject
Project("{9A19103F-16F7-4668-BE54-9A1E7A4F7556}") = "216_vob", "216_vob\216_vob.csproj", "{F1F19814-9408-4361-85B2-89D272D21F4B}"
EndProject
Project("{9A19103F-16F7-4668-BE54-9A1E7A4F7556}") = "217_abstract", "217_abstract\217_abstract.csproj", "{1018F02D-DC40-44AB-8762-FFFD96E81C13}"
EndProject
Project("{9A19103F-16F7-4668-BE54-9A1E7A4F7556}") = "218_interface", "218_interface\218_interface.csproj", "{77ED04AB-A9B8-4329-9ED3-1E0F86AE81E3}"
EndProject
Project("{9A19103F-16F7-4668-BE54-9A1E7A4F7556}") = "219_sealed_funciton", "219_sealed_funciton\219_sealed_funciton.csproj", "{5B8FB7F9-CEF5-4075-8605-AD2CDE6F5685}"
EndProject
Project("{9A19103F-16F7-4668-BE54-9A1E7A4F7556}") = "220_namespace", "220_namespace\220_namespace.csproj", "{2506CF48-86F0-4273-99AD-ABB47E9A29E2}"
EndProject
Project("{9A19103F-16F7-4668-BE54-9A1E7A4F7556}") = "221_object_solves", "221_object_solves\221_object_solves.csproj", "{B48142CB-49CA-4EDE-B694-D026898B1B66}"
EndProject
Project("{9A19103F-16F7-4668-BE54-9A1E7A4F7556}") = "222_string", "222_string\222_string.csproj", "{E8C2B17C-59AB-4EB0-AA64-60EBF829DB86}"
EndProject
Project("{9A19103F-16F7-4668-BE54-9A1E7A4F7556}") = "223_stringbuilder", "223_stringbuilder\223_stringbuilder.csproj", "{94B58F71-7952-4FDE-8773-DDC7763CCBAC}"
EndProject
Project("{9A19103F-16F7-4668-BE54-9A1E7A4F7556}") = "301_arraylist", "301_arraylist\301_arraylist.csproj", "{9DD83045-63B4-4241-BE58-4E1DCB2AABE8}"
EndProject
Project("{FAE04EC0-301F-11D3-BF4B-00C04F79EFBC}") = "302_stack", "302_stack\302_stack.csproj", "{2092D9F8-4937-4C82-BCCA-3E4E995EFE64}"
EndProject
Project("{FAE04EC0-301F-11D3-BF4B-00C04F79EFBC}") = "303_queue", "303_queue\303_queue.csproj", "{E5A2EF3A-CBBC-4E01-952E-BF5156A08600}"
EndProject
Project("{FAE04EC0-301F-11D3-BF4B-00C04F79EFBC}") = "304_hashtable", "304_hashtable\304_hashtable.csproj", "{17E3CE20-8CEA-4314-8716-1A43896E6302}"
EndProject
Project("{FAE04EC0-301F-11D3-BF4B-00C04F79EFBC}") = "305_genericity", "305_genericity\305_genericity.csproj", "{945EB8CA-16E2-45BE-8BA8-22D9E4B8A277}"
EndProject
Global
	GlobalSection(SolutionConfigurationPlatforms) = preSolution
		Debug|Any CPU = Debug|Any CPU
		Release|Any CPU = Release|Any CPU
	EndGlobalSection
	GlobalSection(ProjectConfigurationPlatforms) = postSolution
		{971FC89E-08B7-41C1-A612-CEB52535CAE0}.Debug|Any CPU.ActiveCfg = Debug|Any CPU
		{971FC89E-08B7-41C1-A612-CEB52535CAE0}.Debug|Any CPU.Build.0 = Debug|Any CPU
		{971FC89E-08B7-41C1-A612-CEB52535CAE0}.Release|Any CPU.ActiveCfg = Release|Any CPU
		{971FC89E-08B7-41C1-A612-CEB52535CAE0}.Release|Any CPU.Build.0 = Release|Any CPU
		{0E85B61F-30E5-4DF6-BBCC-2A0AFE605D10}.Debug|Any CPU.ActiveCfg = Debug|Any CPU
		{0E85B61F-30E5-4DF6-BBCC-2A0AFE605D10}.Debug|Any CPU.Build.0 = Debug|Any CPU
		{0E85B61F-30E5-4DF6-BBCC-2A0AFE605D10}.Release|Any CPU.ActiveCfg = Release|Any CPU
		{0E85B61F-30E5-4DF6-BBCC-2A0AFE605D10}.Release|Any CPU.Build.0 = Release|Any CPU
		{2F74B1B8-5A85-4BBB-9257-8EC0F1076FDB}.Debug|Any CPU.ActiveCfg = Debug|Any CPU
		{2F74B1B8-5A85-4BBB-9257-8EC0F1076FDB}.Debug|Any CPU.Build.0 = Debug|Any CPU
		{2F74B1B8-5A85-4BBB-9257-8EC0F1076FDB}.Release|Any CPU.ActiveCfg = Release|Any CPU
		{2F74B1B8-5A85-4BBB-9257-8EC0F1076FDB}.Release|Any CPU.Build.0 = Release|Any CPU
		{060296E0-66D8-4FBC-8F1A-2745078A9116}.Debug|Any CPU.ActiveCfg = Debug|Any CPU
		{060296E0-66D8-4FBC-8F1A-2745078A9116}.Debug|Any CPU.Build.0 = Debug|Any CPU
		{060296E0-66D8-4FBC-8F1A-2745078A9116}.Release|Any CPU.ActiveCfg = Release|Any CPU
		{060296E0-66D8-4FBC-8F1A-2745078A9116}.Release|Any CPU.Build.0 = Release|Any CPU
		{E0D54E3C-EC74-45EF-A826-2FFF56712838}.Debug|Any CPU.ActiveCfg = Debug|Any CPU
		{E0D54E3C-EC74-45EF-A826-2FFF56712838}.Debug|Any CPU.Build.0 = Debug|Any CPU
		{E0D54E3C-EC74-45EF-A826-2FFF56712838}.Release|Any CPU.ActiveCfg = Release|Any CPU
		{E0D54E3C-EC74-45EF-A826-2FFF56712838}.Release|Any CPU.Build.0 = Release|Any CPU
		{DAFCF553-7679-479E-ADCE-8D519499D967}.Debug|Any CPU.ActiveCfg = Debug|Any CPU
		{DAFCF553-7679-479E-ADCE-8D519499D967}.Debug|Any CPU.Build.0 = Debug|Any CPU
		{DAFCF553-7679-479E-ADCE-8D519499D967}.Release|Any CPU.ActiveCfg = Release|Any CPU
		{DAFCF553-7679-479E-ADCE-8D519499D967}.Release|Any CPU.Build.0 = Release|Any CPU
		{59E859CE-96F3-43C3-A420-6C79ABBA86FE}.Debug|Any CPU.ActiveCfg = Debug|Any CPU
		{59E859CE-96F3-43C3-A420-6C79ABBA86FE}.Debug|Any CPU.Build.0 = Debug|Any CPU
		{59E859CE-96F3-43C3-A420-6C79ABBA86FE}.Release|Any CPU.ActiveCfg = Release|Any CPU
		{59E859CE-96F3-43C3-A420-6C79ABBA86FE}.Release|Any CPU.Build.0 = Release|Any CPU
		{39B1F1E4-C87A-4E44-ADEC-C545101F76FE}.Debug|Any CPU.ActiveCfg = Debug|Any CPU
		{39B1F1E4-C87A-4E44-ADEC-C545101F76FE}.Debug|Any CPU.Build.0 = Debug|Any CPU
		{39B1F1E4-C87A-4E44-ADEC-C545101F76FE}.Release|Any CPU.ActiveCfg = Release|Any CPU
		{39B1F1E4-C87A-4E44-ADEC-C545101F76FE}.Release|Any CPU.Build.0 = Release|Any CPU
		{F2A1675E-AF4D-4FEE-A62B-B08EEBF898B5}.Debug|Any CPU.ActiveCfg = Debug|Any CPU
		{F2A1675E-AF4D-4FEE-A62B-B08EEBF898B5}.Debug|Any CPU.Build.0 = Debug|Any CPU
		{F2A1675E-AF4D-4FEE-A62B-B08EEBF898B5}.Release|Any CPU.ActiveCfg = Release|Any CPU
		{F2A1675E-AF4D-4FEE-A62B-B08EEBF898B5}.Release|Any CPU.Build.0 = Release|Any CPU
		{170603E6-CC7B-4780-8717-CBC54A669DB6}.Debug|Any CPU.ActiveCfg = Debug|Any CPU
		{170603E6-CC7B-4780-8717-CBC54A669DB6}.Debug|Any CPU.Build.0 = Debug|Any CPU
		{170603E6-CC7B-4780-8717-CBC54A669DB6}.Release|Any CPU.ActiveCfg = Release|Any CPU
		{170603E6-CC7B-4780-8717-CBC54A669DB6}.Release|Any CPU.Build.0 = Release|Any CPU
		{9315FEB6-6EB8-4771-872E-1EDBC72F7DB3}.Debug|Any CPU.ActiveCfg = Debug|Any CPU
		{9315FEB6-6EB8-4771-872E-1EDBC72F7DB3}.Debug|Any CPU.Build.0 = Debug|Any CPU
		{9315FEB6-6EB8-4771-872E-1EDBC72F7DB3}.Release|Any CPU.ActiveCfg = Release|Any CPU
		{9315FEB6-6EB8-4771-872E-1EDBC72F7DB3}.Release|Any CPU.Build.0 = Release|Any CPU
		{531839DB-504C-4CDD-8296-C4A7F14A05D4}.Debug|Any CPU.ActiveCfg = Debug|Any CPU
		{531839DB-504C-4CDD-8296-C4A7F14A05D4}.Debug|Any CPU.Build.0 = Debug|Any CPU
		{531839DB-504C-4CDD-8296-C4A7F14A05D4}.Release|Any CPU.ActiveCfg = Release|Any CPU
		{531839DB-504C-4CDD-8296-C4A7F14A05D4}.Release|Any CPU.Build.0 = Release|Any CPU
		{C52B5436-4C4F-4D80-B728-EF0E48BD891F}.Debug|Any CPU.ActiveCfg = Debug|Any CPU
		{C52B5436-4C4F-4D80-B728-EF0E48BD891F}.Debug|Any CPU.Build.0 = Debug|Any CPU
		{C52B5436-4C4F-4D80-B728-EF0E48BD891F}.Release|Any CPU.ActiveCfg = Release|Any CPU
		{C52B5436-4C4F-4D80-B728-EF0E48BD891F}.Release|Any CPU.Build.0 = Release|Any CPU
		{7E8FE25E-982F-4D1F-B922-C6A82B0B8E4B}.Debug|Any CPU.ActiveCfg = Debug|Any CPU
		{7E8FE25E-982F-4D1F-B922-C6A82B0B8E4B}.Debug|Any CPU.Build.0 = Debug|Any CPU
		{7E8FE25E-982F-4D1F-B922-C6A82B0B8E4B}.Release|Any CPU.ActiveCfg = Release|Any CPU
		{7E8FE25E-982F-4D1F-B922-C6A82B0B8E4B}.Release|Any CPU.Build.0 = Release|Any CPU
		{3C1B5FF5-08FC-4A2F-81C0-F3DA98132183}.Debug|Any CPU.ActiveCfg = Debug|Any CPU
		{3C1B5FF5-08FC-4A2F-81C0-F3DA98132183}.Debug|Any CPU.Build.0 = Debug|Any CPU
		{3C1B5FF5-08FC-4A2F-81C0-F3DA98132183}.Release|Any CPU.ActiveCfg = Release|Any CPU
		{3C1B5FF5-08FC-4A2F-81C0-F3DA98132183}.Release|Any CPU.Build.0 = Release|Any CPU
		{08F47F0B-0180-4168-957A-760CB3EEF72E}.Debug|Any CPU.ActiveCfg = Debug|Any CPU
		{08F47F0B-0180-4168-957A-760CB3EEF72E}.Debug|Any CPU.Build.0 = Debug|Any CPU
		{08F47F0B-0180-4168-957A-760CB3EEF72E}.Release|Any CPU.ActiveCfg = Release|Any CPU
		{08F47F0B-0180-4168-957A-760CB3EEF72E}.Release|Any CPU.Build.0 = Release|Any CPU
		{9A1AF12C-C0E7-4F80-A2ED-7801FB51B32B}.Debug|Any CPU.ActiveCfg = Debug|Any CPU
		{9A1AF12C-C0E7-4F80-A2ED-7801FB51B32B}.Debug|Any CPU.Build.0 = Debug|Any CPU
		{9A1AF12C-C0E7-4F80-A2ED-7801FB51B32B}.Release|Any CPU.ActiveCfg = Release|Any CPU
		{9A1AF12C-C0E7-4F80-A2ED-7801FB51B32B}.Release|Any CPU.Build.0 = Release|Any CPU
		{A1896E48-DB57-46B1-A7C2-5211091DE12E}.Debug|Any CPU.ActiveCfg = Debug|Any CPU
		{A1896E48-DB57-46B1-A7C2-5211091DE12E}.Debug|Any CPU.Build.0 = Debug|Any CPU
		{A1896E48-DB57-46B1-A7C2-5211091DE12E}.Release|Any CPU.ActiveCfg = Release|Any CPU
		{A1896E48-DB57-46B1-A7C2-5211091DE12E}.Release|Any CPU.Build.0 = Release|Any CPU
		{C690EDF7-9CBB-4B1A-ACC1-6E517CC24133}.Debug|Any CPU.ActiveCfg = Debug|Any CPU
		{C690EDF7-9CBB-4B1A-ACC1-6E517CC24133}.Debug|Any CPU.Build.0 = Debug|Any CPU
		{C690EDF7-9CBB-4B1A-ACC1-6E517CC24133}.Release|Any CPU.ActiveCfg = Release|Any CPU
		{C690EDF7-9CBB-4B1A-ACC1-6E517CC24133}.Release|Any CPU.Build.0 = Release|Any CPU
		{DE5F54E4-88B4-4AB1-9CBE-9D2CDD261E80}.Debug|Any CPU.ActiveCfg = Debug|Any CPU
		{DE5F54E4-88B4-4AB1-9CBE-9D2CDD261E80}.Debug|Any CPU.Build.0 = Debug|Any CPU
		{DE5F54E4-88B4-4AB1-9CBE-9D2CDD261E80}.Release|Any CPU.ActiveCfg = Release|Any CPU
		{DE5F54E4-88B4-4AB1-9CBE-9D2CDD261E80}.Release|Any CPU.Build.0 = Release|Any CPU
		{9D209BFD-31D8-4F40-9C1F-E1C032FB0A48}.Debug|Any CPU.ActiveCfg = Debug|Any CPU
		{9D209BFD-31D8-4F40-9C1F-E1C032FB0A48}.Debug|Any CPU.Build.0 = Debug|Any CPU
		{9D209BFD-31D8-4F40-9C1F-E1C032FB0A48}.Release|Any CPU.ActiveCfg = Release|Any CPU
		{9D209BFD-31D8-4F40-9C1F-E1C032FB0A48}.Release|Any CPU.Build.0 = Release|Any CPU
		{38888BEE-65B7-4042-B48C-2FC68B3AE386}.Debug|Any CPU.ActiveCfg = Debug|Any CPU
		{38888BEE-65B7-4042-B48C-2FC68B3AE386}.Debug|Any CPU.Build.0 = Debug|Any CPU
		{38888BEE-65B7-4042-B48C-2FC68B3AE386}.Release|Any CPU.ActiveCfg = Release|Any CPU
		{38888BEE-65B7-4042-B48C-2FC68B3AE386}.Release|Any CPU.Build.0 = Release|Any CPU
		{8FA89CE5-6DB7-4664-AEAF-5B08AA679EDA}.Debug|Any CPU.ActiveCfg = Debug|Any CPU
		{8FA89CE5-6DB7-4664-AEAF-5B08AA679EDA}.Debug|Any CPU.Build.0 = Debug|Any CPU
		{8FA89CE5-6DB7-4664-AEAF-5B08AA679EDA}.Release|Any CPU.ActiveCfg = Release|Any CPU
		{8FA89CE5-6DB7-4664-AEAF-5B08AA679EDA}.Release|Any CPU.Build.0 = Release|Any CPU
		{3EAE0D47-C6E5-465B-B575-F2E073EA3EFE}.Debug|Any CPU.ActiveCfg = Debug|Any CPU
		{3EAE0D47-C6E5-465B-B575-F2E073EA3EFE}.Debug|Any CPU.Build.0 = Debug|Any CPU
		{3EAE0D47-C6E5-465B-B575-F2E073EA3EFE}.Release|Any CPU.ActiveCfg = Release|Any CPU
		{3EAE0D47-C6E5-465B-B575-F2E073EA3EFE}.Release|Any CPU.Build.0 = Release|Any CPU
		{D689412F-DBCD-46AC-9246-071548B1D452}.Debug|Any CPU.ActiveCfg = Debug|Any CPU
		{D689412F-DBCD-46AC-9246-071548B1D452}.Debug|Any CPU.Build.0 = Debug|Any CPU
		{D689412F-DBCD-46AC-9246-071548B1D452}.Release|Any CPU.ActiveCfg = Release|Any CPU
		{D689412F-DBCD-46AC-9246-071548B1D452}.Release|Any CPU.Build.0 = Release|Any CPU
		{A8AC3FD7-081E-4754-A4F7-25D230B87B7D}.Debug|Any CPU.ActiveCfg = Debug|Any CPU
		{A8AC3FD7-081E-4754-A4F7-25D230B87B7D}.Debug|Any CPU.Build.0 = Debug|Any CPU
		{A8AC3FD7-081E-4754-A4F7-25D230B87B7D}.Release|Any CPU.ActiveCfg = Release|Any CPU
		{A8AC3FD7-081E-4754-A4F7-25D230B87B7D}.Release|Any CPU.Build.0 = Release|Any CPU
		{495984AA-7B4B-431D-A6AF-1C69C865078D}.Debug|Any CPU.ActiveCfg = Debug|Any CPU
		{495984AA-7B4B-431D-A6AF-1C69C865078D}.Debug|Any CPU.Build.0 = Debug|Any CPU
		{495984AA-7B4B-431D-A6AF-1C69C865078D}.Release|Any CPU.ActiveCfg = Release|Any CPU
		{495984AA-7B4B-431D-A6AF-1C69C865078D}.Release|Any CPU.Build.0 = Release|Any CPU
		{10D95AC9-B494-4856-B265-86C9FF0FB6F7}.Debug|Any CPU.ActiveCfg = Debug|Any CPU
		{10D95AC9-B494-4856-B265-86C9FF0FB6F7}.Debug|Any CPU.Build.0 = Debug|Any CPU
		{10D95AC9-B494-4856-B265-86C9FF0FB6F7}.Release|Any CPU.ActiveCfg = Release|Any CPU
		{10D95AC9-B494-4856-B265-86C9FF0FB6F7}.Release|Any CPU.Build.0 = Release|Any CPU
		{97BC4B2E-E045-4FC4-AC1A-B6C1B2EBF445}.Debug|Any CPU.ActiveCfg = Debug|Any CPU
		{97BC4B2E-E045-4FC4-AC1A-B6C1B2EBF445}.Debug|Any CPU.Build.0 = Debug|Any CPU
		{97BC4B2E-E045-4FC4-AC1A-B6C1B2EBF445}.Release|Any CPU.ActiveCfg = Release|Any CPU
		{97BC4B2E-E045-4FC4-AC1A-B6C1B2EBF445}.Release|Any CPU.Build.0 = Release|Any CPU
		{14516A07-827C-41E7-B169-D969E3FF5CE7}.Debug|Any CPU.ActiveCfg = Debug|Any CPU
		{14516A07-827C-41E7-B169-D969E3FF5CE7}.Debug|Any CPU.Build.0 = Debug|Any CPU
		{14516A07-827C-41E7-B169-D969E3FF5CE7}.Release|Any CPU.ActiveCfg = Release|Any CPU
		{14516A07-827C-41E7-B169-D969E3FF5CE7}.Release|Any CPU.Build.0 = Release|Any CPU
		{895C536C-9FF9-4F4B-8B88-04C4FA4C81CC}.Debug|Any CPU.ActiveCfg = Debug|Any CPU
		{895C536C-9FF9-4F4B-8B88-04C4FA4C81CC}.Debug|Any CPU.Build.0 = Debug|Any CPU
		{895C536C-9FF9-4F4B-8B88-04C4FA4C81CC}.Release|Any CPU.ActiveCfg = Release|Any CPU
		{895C536C-9FF9-4F4B-8B88-04C4FA4C81CC}.Release|Any CPU.Build.0 = Release|Any CPU
		{1E30CB50-D8A5-4881-8ADC-80EFC1F9D84A}.Debug|Any CPU.ActiveCfg = Debug|Any CPU
		{1E30CB50-D8A5-4881-8ADC-80EFC1F9D84A}.Debug|Any CPU.Build.0 = Debug|Any CPU
		{1E30CB50-D8A5-4881-8ADC-80EFC1F9D84A}.Release|Any CPU.ActiveCfg = Release|Any CPU
		{1E30CB50-D8A5-4881-8ADC-80EFC1F9D84A}.Release|Any CPU.Build.0 = Release|Any CPU
		{B2539B13-9443-45B0-BCA1-9F2644A31624}.Debug|Any CPU.ActiveCfg = Debug|Any CPU
		{B2539B13-9443-45B0-BCA1-9F2644A31624}.Debug|Any CPU.Build.0 = Debug|Any CPU
		{B2539B13-9443-45B0-BCA1-9F2644A31624}.Release|Any CPU.ActiveCfg = Release|Any CPU
		{B2539B13-9443-45B0-BCA1-9F2644A31624}.Release|Any CPU.Build.0 = Release|Any CPU
		{135514CE-7DCC-47DB-80D0-608CD4ACC11A}.Debug|Any CPU.ActiveCfg = Debug|Any CPU
		{135514CE-7DCC-47DB-80D0-608CD4ACC11A}.Debug|Any CPU.Build.0 = Debug|Any CPU
		{135514CE-7DCC-47DB-80D0-608CD4ACC11A}.Release|Any CPU.ActiveCfg = Release|Any CPU
		{135514CE-7DCC-47DB-80D0-608CD4ACC11A}.Release|Any CPU.Build.0 = Release|Any CPU
		{319B3A87-6465-45C1-8321-44F0C6A9739E}.Debug|Any CPU.ActiveCfg = Debug|Any CPU
		{319B3A87-6465-45C1-8321-44F0C6A9739E}.Debug|Any CPU.Build.0 = Debug|Any CPU
		{319B3A87-6465-45C1-8321-44F0C6A9739E}.Release|Any CPU.ActiveCfg = Release|Any CPU
		{319B3A87-6465-45C1-8321-44F0C6A9739E}.Release|Any CPU.Build.0 = Release|Any CPU
		{021A5ABE-9900-4E44-9E5A-E00324441CDD}.Debug|Any CPU.ActiveCfg = Debug|Any CPU
		{021A5ABE-9900-4E44-9E5A-E00324441CDD}.Debug|Any CPU.Build.0 = Debug|Any CPU
		{021A5ABE-9900-4E44-9E5A-E00324441CDD}.Release|Any CPU.ActiveCfg = Release|Any CPU
		{021A5ABE-9900-4E44-9E5A-E00324441CDD}.Release|Any CPU.Build.0 = Release|Any CPU
		{D049B0AA-E036-4016-9181-B62B56D4F674}.Debug|Any CPU.ActiveCfg = Debug|Any CPU
		{D049B0AA-E036-4016-9181-B62B56D4F674}.Debug|Any CPU.Build.0 = Debug|Any CPU
		{D049B0AA-E036-4016-9181-B62B56D4F674}.Release|Any CPU.ActiveCfg = Release|Any CPU
		{D049B0AA-E036-4016-9181-B62B56D4F674}.Release|Any CPU.Build.0 = Release|Any CPU
		{E79F4C7C-802C-48EF-AA85-D4F04E540935}.Debug|Any CPU.ActiveCfg = Debug|Any CPU
		{E79F4C7C-802C-48EF-AA85-D4F04E540935}.Debug|Any CPU.Build.0 = Debug|Any CPU
		{E79F4C7C-802C-48EF-AA85-D4F04E540935}.Release|Any CPU.ActiveCfg = Release|Any CPU
		{E79F4C7C-802C-48EF-AA85-D4F04E540935}.Release|Any CPU.Build.0 = Release|Any CPU
		{51EAC825-3ACA-468E-BDB0-EB2813F02CFC}.Debug|Any CPU.ActiveCfg = Debug|Any CPU
		{51EAC825-3ACA-468E-BDB0-EB2813F02CFC}.Debug|Any CPU.Build.0 = Debug|Any CPU
		{51EAC825-3ACA-468E-BDB0-EB2813F02CFC}.Release|Any CPU.ActiveCfg = Release|Any CPU
		{51EAC825-3ACA-468E-BDB0-EB2813F02CFC}.Release|Any CPU.Build.0 = Release|Any CPU
		{59971393-7362-4FCC-8CEE-E5A360A7791F}.Debug|Any CPU.ActiveCfg = Debug|Any CPU
		{59971393-7362-4FCC-8CEE-E5A360A7791F}.Debug|Any CPU.Build.0 = Debug|Any CPU
		{59971393-7362-4FCC-8CEE-E5A360A7791F}.Release|Any CPU.ActiveCfg = Release|Any CPU
		{59971393-7362-4FCC-8CEE-E5A360A7791F}.Release|Any CPU.Build.0 = Release|Any CPU
		{55F3D8DD-4DCB-4D94-8F21-4FC927C4DDE3}.Debug|Any CPU.ActiveCfg = Debug|Any CPU
		{55F3D8DD-4DCB-4D94-8F21-4FC927C4DDE3}.Debug|Any CPU.Build.0 = Debug|Any CPU
		{55F3D8DD-4DCB-4D94-8F21-4FC927C4DDE3}.Release|Any CPU.ActiveCfg = Release|Any CPU
		{55F3D8DD-4DCB-4D94-8F21-4FC927C4DDE3}.Release|Any CPU.Build.0 = Release|Any CPU
		{D08C3556-9ECF-452A-9FA6-C3912DFF3449}.Debug|Any CPU.ActiveCfg = Debug|Any CPU
		{D08C3556-9ECF-452A-9FA6-C3912DFF3449}.Debug|Any CPU.Build.0 = Debug|Any CPU
		{D08C3556-9ECF-452A-9FA6-C3912DFF3449}.Release|Any CPU.ActiveCfg = Release|Any CPU
		{D08C3556-9ECF-452A-9FA6-C3912DFF3449}.Release|Any CPU.Build.0 = Release|Any CPU
		{EF829FBA-B5B2-4B77-A55F-8B3EE61FCAB3}.Debug|Any CPU.ActiveCfg = Debug|Any CPU
		{EF829FBA-B5B2-4B77-A55F-8B3EE61FCAB3}.Debug|Any CPU.Build.0 = Debug|Any CPU
		{EF829FBA-B5B2-4B77-A55F-8B3EE61FCAB3}.Release|Any CPU.ActiveCfg = Release|Any CPU
		{EF829FBA-B5B2-4B77-A55F-8B3EE61FCAB3}.Release|Any CPU.Build.0 = Release|Any CPU
		{B8EEF18A-240D-4822-A142-3F287A4D1DA6}.Debug|Any CPU.ActiveCfg = Debug|Any CPU
		{B8EEF18A-240D-4822-A142-3F287A4D1DA6}.Debug|Any CPU.Build.0 = Debug|Any CPU
		{B8EEF18A-240D-4822-A142-3F287A4D1DA6}.Release|Any CPU.ActiveCfg = Release|Any CPU
		{B8EEF18A-240D-4822-A142-3F287A4D1DA6}.Release|Any CPU.Build.0 = Release|Any CPU
		{74915625-A0E6-498E-AB16-70F57BB6F450}.Debug|Any CPU.ActiveCfg = Debug|Any CPU
		{74915625-A0E6-498E-AB16-70F57BB6F450}.Debug|Any CPU.Build.0 = Debug|Any CPU
		{74915625-A0E6-498E-AB16-70F57BB6F450}.Release|Any CPU.ActiveCfg = Release|Any CPU
		{74915625-A0E6-498E-AB16-70F57BB6F450}.Release|Any CPU.Build.0 = Release|Any CPU
		{4DECD67C-FA08-4093-8D46-1815F4262C36}.Debug|Any CPU.ActiveCfg = Debug|Any CPU
		{4DECD67C-FA08-4093-8D46-1815F4262C36}.Debug|Any CPU.Build.0 = Debug|Any CPU
		{4DECD67C-FA08-4093-8D46-1815F4262C36}.Release|Any CPU.ActiveCfg = Release|Any CPU
		{4DECD67C-FA08-4093-8D46-1815F4262C36}.Release|Any CPU.Build.0 = Release|Any CPU
		{1AD33E9C-9120-4CD4-9007-D0581A8C55A8}.Debug|Any CPU.ActiveCfg = Debug|Any CPU
		{1AD33E9C-9120-4CD4-9007-D0581A8C55A8}.Debug|Any CPU.Build.0 = Debug|Any CPU
		{1AD33E9C-9120-4CD4-9007-D0581A8C55A8}.Release|Any CPU.ActiveCfg = Release|Any CPU
		{1AD33E9C-9120-4CD4-9007-D0581A8C55A8}.Release|Any CPU.Build.0 = Release|Any CPU
		{083987B8-C0EF-48B9-A245-766CC4850A1A}.Debug|Any CPU.ActiveCfg = Debug|Any CPU
		{083987B8-C0EF-48B9-A245-766CC4850A1A}.Debug|Any CPU.Build.0 = Debug|Any CPU
		{083987B8-C0EF-48B9-A245-766CC4850A1A}.Release|Any CPU.ActiveCfg = Release|Any CPU
		{083987B8-C0EF-48B9-A245-766CC4850A1A}.Release|Any CPU.Build.0 = Release|Any CPU
		{5641F1AC-720D-445E-97F1-5A3920755741}.Debug|Any CPU.ActiveCfg = Debug|Any CPU
		{5641F1AC-720D-445E-97F1-5A3920755741}.Debug|Any CPU.Build.0 = Debug|Any CPU
		{5641F1AC-720D-445E-97F1-5A3920755741}.Release|Any CPU.ActiveCfg = Release|Any CPU
		{5641F1AC-720D-445E-97F1-5A3920755741}.Release|Any CPU.Build.0 = Release|Any CPU
		{84C7CC72-5B93-422C-B746-73B811A0763F}.Debug|Any CPU.ActiveCfg = Debug|Any CPU
		{84C7CC72-5B93-422C-B746-73B811A0763F}.Debug|Any CPU.Build.0 = Debug|Any CPU
		{84C7CC72-5B93-422C-B746-73B811A0763F}.Release|Any CPU.ActiveCfg = Release|Any CPU
		{84C7CC72-5B93-422C-B746-73B811A0763F}.Release|Any CPU.Build.0 = Release|Any CPU
		{F1F19814-9408-4361-85B2-89D272D21F4B}.Debug|Any CPU.ActiveCfg = Debug|Any CPU
		{F1F19814-9408-4361-85B2-89D272D21F4B}.Debug|Any CPU.Build.0 = Debug|Any CPU
		{F1F19814-9408-4361-85B2-89D272D21F4B}.Release|Any CPU.ActiveCfg = Release|Any CPU
		{F1F19814-9408-4361-85B2-89D272D21F4B}.Release|Any CPU.Build.0 = Release|Any CPU
		{1018F02D-DC40-44AB-8762-FFFD96E81C13}.Debug|Any CPU.ActiveCfg = Debug|Any CPU
		{1018F02D-DC40-44AB-8762-FFFD96E81C13}.Debug|Any CPU.Build.0 = Debug|Any CPU
		{1018F02D-DC40-44AB-8762-FFFD96E81C13}.Release|Any CPU.ActiveCfg = Release|Any CPU
		{1018F02D-DC40-44AB-8762-FFFD96E81C13}.Release|Any CPU.Build.0 = Release|Any CPU
		{77ED04AB-A9B8-4329-9ED3-1E0F86AE81E3}.Debug|Any CPU.ActiveCfg = Debug|Any CPU
		{77ED04AB-A9B8-4329-9ED3-1E0F86AE81E3}.Debug|Any CPU.Build.0 = Debug|Any CPU
		{77ED04AB-A9B8-4329-9ED3-1E0F86AE81E3}.Release|Any CPU.ActiveCfg = Release|Any CPU
		{77ED04AB-A9B8-4329-9ED3-1E0F86AE81E3}.Release|Any CPU.Build.0 = Release|Any CPU
		{5B8FB7F9-CEF5-4075-8605-AD2CDE6F5685}.Debug|Any CPU.ActiveCfg = Debug|Any CPU
		{5B8FB7F9-CEF5-4075-8605-AD2CDE6F5685}.Debug|Any CPU.Build.0 = Debug|Any CPU
		{5B8FB7F9-CEF5-4075-8605-AD2CDE6F5685}.Release|Any CPU.ActiveCfg = Release|Any CPU
		{5B8FB7F9-CEF5-4075-8605-AD2CDE6F5685}.Release|Any CPU.Build.0 = Release|Any CPU
		{2506CF48-86F0-4273-99AD-ABB47E9A29E2}.Debug|Any CPU.ActiveCfg = Debug|Any CPU
		{2506CF48-86F0-4273-99AD-ABB47E9A29E2}.Debug|Any CPU.Build.0 = Debug|Any CPU
		{2506CF48-86F0-4273-99AD-ABB47E9A29E2}.Release|Any CPU.ActiveCfg = Release|Any CPU
		{2506CF48-86F0-4273-99AD-ABB47E9A29E2}.Release|Any CPU.Build.0 = Release|Any CPU
		{B48142CB-49CA-4EDE-B694-D026898B1B66}.Debug|Any CPU.ActiveCfg = Debug|Any CPU
		{B48142CB-49CA-4EDE-B694-D026898B1B66}.Debug|Any CPU.Build.0 = Debug|Any CPU
		{B48142CB-49CA-4EDE-B694-D026898B1B66}.Release|Any CPU.ActiveCfg = Release|Any CPU
		{B48142CB-49CA-4EDE-B694-D026898B1B66}.Release|Any CPU.Build.0 = Release|Any CPU
		{E8C2B17C-59AB-4EB0-AA64-60EBF829DB86}.Debug|Any CPU.ActiveCfg = Debug|Any CPU
		{E8C2B17C-59AB-4EB0-AA64-60EBF829DB86}.Debug|Any CPU.Build.0 = Debug|Any CPU
		{E8C2B17C-59AB-4EB0-AA64-60EBF829DB86}.Release|Any CPU.ActiveCfg = Release|Any CPU
		{E8C2B17C-59AB-4EB0-AA64-60EBF829DB86}.Release|Any CPU.Build.0 = Release|Any CPU
		{94B58F71-7952-4FDE-8773-DDC7763CCBAC}.Debug|Any CPU.ActiveCfg = Debug|Any CPU
		{94B58F71-7952-4FDE-8773-DDC7763CCBAC}.Debug|Any CPU.Build.0 = Debug|Any CPU
		{94B58F71-7952-4FDE-8773-DDC7763CCBAC}.Release|Any CPU.ActiveCfg = Release|Any CPU
		{94B58F71-7952-4FDE-8773-DDC7763CCBAC}.Release|Any CPU.Build.0 = Release|Any CPU
		{9DD83045-63B4-4241-BE58-4E1DCB2AABE8}.Debug|Any CPU.ActiveCfg = Debug|Any CPU
		{9DD83045-63B4-4241-BE58-4E1DCB2AABE8}.Debug|Any CPU.Build.0 = Debug|Any CPU
		{9DD83045-63B4-4241-BE58-4E1DCB2AABE8}.Release|Any CPU.ActiveCfg = Release|Any CPU
		{9DD83045-63B4-4241-BE58-4E1DCB2AABE8}.Release|Any CPU.Build.0 = Release|Any CPU
		{2092D9F8-4937-4C82-BCCA-3E4E995EFE64}.Debug|Any CPU.ActiveCfg = Debug|Any CPU
		{2092D9F8-4937-4C82-BCCA-3E4E995EFE64}.Debug|Any CPU.Build.0 = Debug|Any CPU
		{2092D9F8-4937-4C82-BCCA-3E4E995EFE64}.Release|Any CPU.ActiveCfg = Release|Any CPU
		{2092D9F8-4937-4C82-BCCA-3E4E995EFE64}.Release|Any CPU.Build.0 = Release|Any CPU
		{E5A2EF3A-CBBC-4E01-952E-BF5156A08600}.Debug|Any CPU.ActiveCfg = Debug|Any CPU
		{E5A2EF3A-CBBC-4E01-952E-BF5156A08600}.Debug|Any CPU.Build.0 = Debug|Any CPU
		{E5A2EF3A-CBBC-4E01-952E-BF5156A08600}.Release|Any CPU.ActiveCfg = Release|Any CPU
		{E5A2EF3A-CBBC-4E01-952E-BF5156A08600}.Release|Any CPU.Build.0 = Release|Any CPU
		{17E3CE20-8CEA-4314-8716-1A43896E6302}.Debug|Any CPU.ActiveCfg = Debug|Any CPU
		{17E3CE20-8CEA-4314-8716-1A43896E6302}.Debug|Any CPU.Build.0 = Debug|Any CPU
		{17E3CE20-8CEA-4314-8716-1A43896E6302}.Release|Any CPU.ActiveCfg = Release|Any CPU
		{17E3CE20-8CEA-4314-8716-1A43896E6302}.Release|Any CPU.Build.0 = Release|Any CPU
		{945EB8CA-16E2-45BE-8BA8-22D9E4B8A277}.Debug|Any CPU.ActiveCfg = Debug|Any CPU
		{945EB8CA-16E2-45BE-8BA8-22D9E4B8A277}.Debug|Any CPU.Build.0 = Debug|Any CPU
		{945EB8CA-16E2-45BE-8BA8-22D9E4B8A277}.Release|Any CPU.ActiveCfg = Release|Any CPU
		{945EB8CA-16E2-45BE-8BA8-22D9E4B8A277}.Release|Any CPU.Build.0 = Release|Any CPU
	EndGlobalSection
	GlobalSection(SolutionProperties) = preSolution
		HideSolutionNode = FALSE
	EndGlobalSection
	GlobalSection(ExtensibilityGlobals) = postSolution
		SolutionGuid = {F9597393-7878-4CC1-BAEB-0E49747570D2}
	EndGlobalSection
EndGlobal
